// !$*UTF8*$!
{
	archiveVersion = 1;
	classes = {
	};
	objectVersion = 50;
	objects = {

/* Begin PBXBuildFile section */
		1B04596D20D6B93800131EE5 /* Weather.swift in Sources */ = {isa = PBXBuildFile; fileRef = 1B04596C20D6B93800131EE5 /* Weather.swift */; };
		1B04596F20D6C29600131EE5 /* WeatherManager.swift in Sources */ = {isa = PBXBuildFile; fileRef = 1B04596E20D6C29600131EE5 /* WeatherManager.swift */; };
		1B04597120D6C64A00131EE5 /* ForecastType.swift in Sources */ = {isa = PBXBuildFile; fileRef = 1B04597020D6C64A00131EE5 /* ForecastType.swift */; };
		1B04597420D6CA3B00131EE5 /* WeatherCVCellViewModel.swift in Sources */ = {isa = PBXBuildFile; fileRef = 1B04597320D6CA3B00131EE5 /* WeatherCVCellViewModel.swift */; };
		1B04597620D7D00700131EE5 /* MainViewModel.swift in Sources */ = {isa = PBXBuildFile; fileRef = 1B04597520D7D00700131EE5 /* MainViewModel.swift */; };
		1B9CF7D720D457D8006CAFAF /* AppDelegate.swift in Sources */ = {isa = PBXBuildFile; fileRef = 1B9CF7D620D457D8006CAFAF /* AppDelegate.swift */; };
		1B9CF7D920D457D8006CAFAF /* Main.swift in Sources */ = {isa = PBXBuildFile; fileRef = 1B9CF7D820D457D8006CAFAF /* Main.swift */; };
		1B9CF7DC20D457D8006CAFAF /* Main.storyboard in Resources */ = {isa = PBXBuildFile; fileRef = 1B9CF7DA20D457D8006CAFAF /* Main.storyboard */; };
		1B9CF7DE20D457DC006CAFAF /* Assets.xcassets in Resources */ = {isa = PBXBuildFile; fileRef = 1B9CF7DD20D457DC006CAFAF /* Assets.xcassets */; };
		1B9CF7E120D457DC006CAFAF /* LaunchScreen.storyboard in Resources */ = {isa = PBXBuildFile; fileRef = 1B9CF7DF20D457DC006CAFAF /* LaunchScreen.storyboard */; };
		1B9CF7EC20D457DC006CAFAF /* DniproWeatherTests.swift in Sources */ = {isa = PBXBuildFile; fileRef = 1B9CF7EB20D457DC006CAFAF /* DniproWeatherTests.swift */; };
		1BBBE7B720D4677400CC1D40 /* WeatherCollectionViewCell.swift in Sources */ = {isa = PBXBuildFile; fileRef = 1BBBE7B520D4677400CC1D40 /* WeatherCollectionViewCell.swift */; };
		1BBBE7B820D4677400CC1D40 /* WeatherCollectionViewCell.xib in Resources */ = {isa = PBXBuildFile; fileRef = 1BBBE7B620D4677400CC1D40 /* WeatherCollectionViewCell.xib */; };
		732E3872FE7409CFE5179B14 /* Pods_DniproWeatherTests.framework in Frameworks */ = {isa = PBXBuildFile; fileRef = 6C19AB6C22AAB3FE59F10D58 /* Pods_DniproWeatherTests.framework */; };
		FE4F74978F8DDF898A279DAF /* Pods_DniproWeather.framework in Frameworks */ = {isa = PBXBuildFile; fileRef = 7BCCF54FF7976E31F3E0557F /* Pods_DniproWeather.framework */; };
/* End PBXBuildFile section */

/* Begin PBXContainerItemProxy section */
		1B9CF7E820D457DC006CAFAF /* PBXContainerItemProxy */ = {
			isa = PBXContainerItemProxy;
			containerPortal = 1B9CF7CB20D457D8006CAFAF /* Project object */;
			proxyType = 1;
			remoteGlobalIDString = 1B9CF7D220D457D8006CAFAF;
			remoteInfo = DniproWeather;
		};
/* End PBXContainerItemProxy section */

/* Begin PBXFileReference section */
		1B04596C20D6B93800131EE5 /* Weather.swift */ = {isa = PBXFileReference; lastKnownFileType = sourcecode.swift; path = Weather.swift; sourceTree = "<group>"; };
		1B04596E20D6C29600131EE5 /* WeatherManager.swift */ = {isa = PBXFileReference; lastKnownFileType = sourcecode.swift; path = WeatherManager.swift; sourceTree = "<group>"; };
		1B04597020D6C64A00131EE5 /* ForecastType.swift */ = {isa = PBXFileReference; lastKnownFileType = sourcecode.swift; path = ForecastType.swift; sourceTree = "<group>"; };
		1B04597320D6CA3B00131EE5 /* WeatherCVCellViewModel.swift */ = {isa = PBXFileReference; lastKnownFileType = sourcecode.swift; path = WeatherCVCellViewModel.swift; sourceTree = "<group>"; };
		1B04597520D7D00700131EE5 /* MainViewModel.swift */ = {isa = PBXFileReference; lastKnownFileType = sourcecode.swift; path = MainViewModel.swift; sourceTree = "<group>"; };
		1B9CF7D320D457D8006CAFAF /* DniproWeather.app */ = {isa = PBXFileReference; explicitFileType = wrapper.application; includeInIndex = 0; path = DniproWeather.app; sourceTree = BUILT_PRODUCTS_DIR; };
		1B9CF7D620D457D8006CAFAF /* AppDelegate.swift */ = {isa = PBXFileReference; lastKnownFileType = sourcecode.swift; path = AppDelegate.swift; sourceTree = "<group>"; };
		1B9CF7D820D457D8006CAFAF /* Main.swift */ = {isa = PBXFileReference; lastKnownFileType = sourcecode.swift; path = Main.swift; sourceTree = "<group>"; };
		1B9CF7DB20D457D8006CAFAF /* Base */ = {isa = PBXFileReference; lastKnownFileType = file.storyboard; name = Base; path = Base.lproj/Main.storyboard; sourceTree = "<group>"; };
		1B9CF7DD20D457DC006CAFAF /* Assets.xcassets */ = {isa = PBXFileReference; lastKnownFileType = folder.assetcatalog; path = Assets.xcassets; sourceTree = "<group>"; };
		1B9CF7E020D457DC006CAFAF /* Base */ = {isa = PBXFileReference; lastKnownFileType = file.storyboard; name = Base; path = Base.lproj/LaunchScreen.storyboard; sourceTree = "<group>"; };
		1B9CF7E220D457DC006CAFAF /* Info.plist */ = {isa = PBXFileReference; lastKnownFileType = text.plist.xml; path = Info.plist; sourceTree = "<group>"; };
		1B9CF7E720D457DC006CAFAF /* DniproWeatherTests.xctest */ = {isa = PBXFileReference; explicitFileType = wrapper.cfbundle; includeInIndex = 0; path = DniproWeatherTests.xctest; sourceTree = BUILT_PRODUCTS_DIR; };
		1B9CF7EB20D457DC006CAFAF /* DniproWeatherTests.swift */ = {isa = PBXFileReference; lastKnownFileType = sourcecode.swift; path = DniproWeatherTests.swift; sourceTree = "<group>"; };
		1B9CF7ED20D457DC006CAFAF /* Info.plist */ = {isa = PBXFileReference; lastKnownFileType = text.plist.xml; path = Info.plist; sourceTree = "<group>"; };
		1BBBE7B520D4677400CC1D40 /* WeatherCollectionViewCell.swift */ = {isa = PBXFileReference; lastKnownFileType = sourcecode.swift; path = WeatherCollectionViewCell.swift; sourceTree = "<group>"; };
		1BBBE7B620D4677400CC1D40 /* WeatherCollectionViewCell.xib */ = {isa = PBXFileReference; lastKnownFileType = file.xib; path = WeatherCollectionViewCell.xib; sourceTree = "<group>"; };
		2AD0946C15540F4E66D1FCC7 /* Pods-DniproWeatherTests.debug.xcconfig */ = {isa = PBXFileReference; includeInIndex = 1; lastKnownFileType = text.xcconfig; name = "Pods-DniproWeatherTests.debug.xcconfig"; path = "Pods/Target Support Files/Pods-DniproWeatherTests/Pods-DniproWeatherTests.debug.xcconfig"; sourceTree = "<group>"; };
		4E3772C62AEB8043C3F7BF7C /* Pods-DniproWeatherTests.release.xcconfig */ = {isa = PBXFileReference; includeInIndex = 1; lastKnownFileType = text.xcconfig; name = "Pods-DniproWeatherTests.release.xcconfig"; path = "Pods/Target Support Files/Pods-DniproWeatherTests/Pods-DniproWeatherTests.release.xcconfig"; sourceTree = "<group>"; };
		6C19AB6C22AAB3FE59F10D58 /* Pods_DniproWeatherTests.framework */ = {isa = PBXFileReference; explicitFileType = wrapper.framework; includeInIndex = 0; path = Pods_DniproWeatherTests.framework; sourceTree = BUILT_PRODUCTS_DIR; };
		7BCCF54FF7976E31F3E0557F /* Pods_DniproWeather.framework */ = {isa = PBXFileReference; explicitFileType = wrapper.framework; includeInIndex = 0; path = Pods_DniproWeather.framework; sourceTree = BUILT_PRODUCTS_DIR; };
		CE40653097D5434A459B9A37 /* Pods-DniproWeather.release.xcconfig */ = {isa = PBXFileReference; includeInIndex = 1; lastKnownFileType = text.xcconfig; name = "Pods-DniproWeather.release.xcconfig"; path = "Pods/Target Support Files/Pods-DniproWeather/Pods-DniproWeather.release.xcconfig"; sourceTree = "<group>"; };
		DC4997DCFCFF6C0159CA2C69 /* Pods-DniproWeather.debug.xcconfig */ = {isa = PBXFileReference; includeInIndex = 1; lastKnownFileType = text.xcconfig; name = "Pods-DniproWeather.debug.xcconfig"; path = "Pods/Target Support Files/Pods-DniproWeather/Pods-DniproWeather.debug.xcconfig"; sourceTree = "<group>"; };
/* End PBXFileReference section */

/* Begin PBXFrameworksBuildPhase section */
		1B9CF7D020D457D8006CAFAF /* Frameworks */ = {
			isa = PBXFrameworksBuildPhase;
			buildActionMask = 2147483647;
			files = (
				FE4F74978F8DDF898A279DAF /* Pods_DniproWeather.framework in Frameworks */,
			);
			runOnlyForDeploymentPostprocessing = 0;
		};
		1B9CF7E420D457DC006CAFAF /* Frameworks */ = {
			isa = PBXFrameworksBuildPhase;
			buildActionMask = 2147483647;
			files = (
				732E3872FE7409CFE5179B14 /* Pods_DniproWeatherTests.framework in Frameworks */,
			);
			runOnlyForDeploymentPostprocessing = 0;
		};
/* End PBXFrameworksBuildPhase section */

/* Begin PBXGroup section */
		00306184689B753CDA5C4217 /* Frameworks */ = {
			isa = PBXGroup;
			children = (
				7BCCF54FF7976E31F3E0557F /* Pods_DniproWeather.framework */,
				6C19AB6C22AAB3FE59F10D58 /* Pods_DniproWeatherTests.framework */,
			);
			name = Frameworks;
			sourceTree = "<group>";
		};
		1B04596B20D6B8CD00131EE5 /* Structs */ = {
			isa = PBXGroup;
			children = (
				1B04596C20D6B93800131EE5 /* Weather.swift */,
				1B04597020D6C64A00131EE5 /* ForecastType.swift */,
			);
			path = Structs;
			sourceTree = "<group>";
		};
		1B04597220D6C9A100131EE5 /* Main */ = {
			isa = PBXGroup;
			children = (
				1B04597320D6CA3B00131EE5 /* WeatherCVCellViewModel.swift */,
				1B04597520D7D00700131EE5 /* MainViewModel.swift */,
			);
			path = Main;
			sourceTree = "<group>";
		};
		1B06785D20D45BE0003FC16C /* View */ = {
			isa = PBXGroup;
			children = (
				1B06786020D45C19003FC16C /* Main */,
			);
			path = View;
			sourceTree = "<group>";
		};
		1B06785E20D45BEC003FC16C /* Model */ = {
			isa = PBXGroup;
			children = (
				1B04596B20D6B8CD00131EE5 /* Structs */,
				1B04596E20D6C29600131EE5 /* WeatherManager.swift */,
			);
			path = Model;
			sourceTree = "<group>";
		};
		1B06785F20D45BFA003FC16C /* ViewModel */ = {
			isa = PBXGroup;
			children = (
				1B04597220D6C9A100131EE5 /* Main */,
			);
			path = ViewModel;
			sourceTree = "<group>";
		};
		1B06786020D45C19003FC16C /* Main */ = {
			isa = PBXGroup;
			children = (
				1BBBE7B420D4670F00CC1D40 /* Cell */,
				1B9CF7DA20D457D8006CAFAF /* Main.storyboard */,
				1B9CF7D820D457D8006CAFAF /* Main.swift */,
			);
			path = Main;
			sourceTree = "<group>";
		};
		1B06786120D45C26003FC16C /* Resources */ = {
			isa = PBXGroup;
			children = (
				1B9CF7DD20D457DC006CAFAF /* Assets.xcassets */,
				1B9CF7D620D457D8006CAFAF /* AppDelegate.swift */,
				1B9CF7DF20D457DC006CAFAF /* LaunchScreen.storyboard */,
				1B9CF7E220D457DC006CAFAF /* Info.plist */,
			);
			path = Resources;
			sourceTree = "<group>";
		};
		1B9CF7CA20D457D8006CAFAF = {
			isa = PBXGroup;
			children = (
				1B9CF7D520D457D8006CAFAF /* DniproWeather */,
				1B9CF7EA20D457DC006CAFAF /* DniproWeatherTests */,
				1B9CF7D420D457D8006CAFAF /* Products */,
				72F88A6CAAAF1507FF163EBC /* Pods */,
				00306184689B753CDA5C4217 /* Frameworks */,
			);
			sourceTree = "<group>";
		};
		1B9CF7D420D457D8006CAFAF /* Products */ = {
			isa = PBXGroup;
			children = (
				1B9CF7D320D457D8006CAFAF /* DniproWeather.app */,
				1B9CF7E720D457DC006CAFAF /* DniproWeatherTests.xctest */,
			);
			name = Products;
			sourceTree = "<group>";
		};
		1B9CF7D520D457D8006CAFAF /* DniproWeather */ = {
			isa = PBXGroup;
			children = (
				1B06785E20D45BEC003FC16C /* Model */,
				1B06785D20D45BE0003FC16C /* View */,
				1B06785F20D45BFA003FC16C /* ViewModel */,
				1B06786120D45C26003FC16C /* Resources */,
			);
			path = DniproWeather;
			sourceTree = "<group>";
		};
		1B9CF7EA20D457DC006CAFAF /* DniproWeatherTests */ = {
			isa = PBXGroup;
			children = (
				1B9CF7EB20D457DC006CAFAF /* DniproWeatherTests.swift */,
				1B9CF7ED20D457DC006CAFAF /* Info.plist */,
			);
			path = DniproWeatherTests;
			sourceTree = "<group>";
		};
		1BBBE7B420D4670F00CC1D40 /* Cell */ = {
			isa = PBXGroup;
			children = (
				1BBBE7B520D4677400CC1D40 /* WeatherCollectionViewCell.swift */,
				1BBBE7B620D4677400CC1D40 /* WeatherCollectionViewCell.xib */,
			);
			path = Cell;
			sourceTree = "<group>";
		};
		72F88A6CAAAF1507FF163EBC /* Pods */ = {
			isa = PBXGroup;
			children = (
				DC4997DCFCFF6C0159CA2C69 /* Pods-DniproWeather.debug.xcconfig */,
				CE40653097D5434A459B9A37 /* Pods-DniproWeather.release.xcconfig */,
				2AD0946C15540F4E66D1FCC7 /* Pods-DniproWeatherTests.debug.xcconfig */,
				4E3772C62AEB8043C3F7BF7C /* Pods-DniproWeatherTests.release.xcconfig */,
			);
			name = Pods;
			sourceTree = "<group>";
		};
/* End PBXGroup section */

/* Begin PBXNativeTarget section */
		1B9CF7D220D457D8006CAFAF /* DniproWeather */ = {
			isa = PBXNativeTarget;
			buildConfigurationList = 1B9CF7F020D457DC006CAFAF /* Build configuration list for PBXNativeTarget "DniproWeather" */;
			buildPhases = (
				E9302BD2E6FBB391E4DFCC45 /* [CP] Check Pods Manifest.lock */,
				1B9CF7CF20D457D8006CAFAF /* Sources */,
				1B9CF7D020D457D8006CAFAF /* Frameworks */,
				1B9CF7D120D457D8006CAFAF /* Resources */,
				CF17F4D51AB3092A84AB552B /* [CP] Embed Pods Frameworks */,
			);
			buildRules = (
			);
			dependencies = (
			);
			name = DniproWeather;
			productName = DniproWeather;
			productReference = 1B9CF7D320D457D8006CAFAF /* DniproWeather.app */;
			productType = "com.apple.product-type.application";
		};
		1B9CF7E620D457DC006CAFAF /* DniproWeatherTests */ = {
			isa = PBXNativeTarget;
			buildConfigurationList = 1B9CF7F320D457DC006CAFAF /* Build configuration list for PBXNativeTarget "DniproWeatherTests" */;
			buildPhases = (
				B6503AE889E9ED4279B0ACF7 /* [CP] Check Pods Manifest.lock */,
				1B9CF7E320D457DC006CAFAF /* Sources */,
				1B9CF7E420D457DC006CAFAF /* Frameworks */,
				1B9CF7E520D457DC006CAFAF /* Resources */,
				FA2F37DF74948F4B795706C8 /* [CP] Embed Pods Frameworks */,
			);
			buildRules = (
			);
			dependencies = (
				1B9CF7E920D457DC006CAFAF /* PBXTargetDependency */,
			);
			name = DniproWeatherTests;
			productName = DniproWeatherTests;
			productReference = 1B9CF7E720D457DC006CAFAF /* DniproWeatherTests.xctest */;
			productType = "com.apple.product-type.bundle.unit-test";
		};
/* End PBXNativeTarget section */

/* Begin PBXProject section */
		1B9CF7CB20D457D8006CAFAF /* Project object */ = {
			isa = PBXProject;
			attributes = {
				LastSwiftUpdateCheck = 0940;
				LastUpgradeCheck = 0940;
				ORGANIZATIONNAME = "Sergey Prikhodko";
				TargetAttributes = {
					1B9CF7D220D457D8006CAFAF = {
						CreatedOnToolsVersion = 9.4;
					};
					1B9CF7E620D457DC006CAFAF = {
						CreatedOnToolsVersion = 9.4;
						TestTargetID = 1B9CF7D220D457D8006CAFAF;
					};
				};
			};
			buildConfigurationList = 1B9CF7CE20D457D8006CAFAF /* Build configuration list for PBXProject "DniproWeather" */;
			compatibilityVersion = "Xcode 9.3";
			developmentRegion = en;
			hasScannedForEncodings = 0;
			knownRegions = (
				en,
				Base,
			);
			mainGroup = 1B9CF7CA20D457D8006CAFAF;
			productRefGroup = 1B9CF7D420D457D8006CAFAF /* Products */;
			projectDirPath = "";
			projectRoot = "";
			targets = (
				1B9CF7D220D457D8006CAFAF /* DniproWeather */,
				1B9CF7E620D457DC006CAFAF /* DniproWeatherTests */,
			);
		};
/* End PBXProject section */

/* Begin PBXResourcesBuildPhase section */
		1B9CF7D120D457D8006CAFAF /* Resources */ = {
			isa = PBXResourcesBuildPhase;
			buildActionMask = 2147483647;
			files = (
				1B9CF7E120D457DC006CAFAF /* LaunchScreen.storyboard in Resources */,
				1BBBE7B820D4677400CC1D40 /* WeatherCollectionViewCell.xib in Resources */,
				1B9CF7DE20D457DC006CAFAF /* Assets.xcassets in Resources */,
				1B9CF7DC20D457D8006CAFAF /* Main.storyboard in Resources */,
			);
			runOnlyForDeploymentPostprocessing = 0;
		};
		1B9CF7E520D457DC006CAFAF /* Resources */ = {
			isa = PBXResourcesBuildPhase;
			buildActionMask = 2147483647;
			files = (
			);
			runOnlyForDeploymentPostprocessing = 0;
		};
/* End PBXResourcesBuildPhase section */

/* Begin PBXShellScriptBuildPhase section */
		B6503AE889E9ED4279B0ACF7 /* [CP] Check Pods Manifest.lock */ = {
			isa = PBXShellScriptBuildPhase;
			buildActionMask = 2147483647;
			files = (
			);
			inputPaths = (
				"${PODS_PODFILE_DIR_PATH}/Podfile.lock",
				"${PODS_ROOT}/Manifest.lock",
			);
			name = "[CP] Check Pods Manifest.lock";
			outputPaths = (
				"$(DERIVED_FILE_DIR)/Pods-DniproWeatherTests-checkManifestLockResult.txt",
			);
			runOnlyForDeploymentPostprocessing = 0;
			shellPath = /bin/sh;
			shellScript = "diff \"${PODS_PODFILE_DIR_PATH}/Podfile.lock\" \"${PODS_ROOT}/Manifest.lock\" > /dev/null\nif [ $? != 0 ] ; then\n    # print error to STDERR\n    echo \"error: The sandbox is not in sync with the Podfile.lock. Run 'pod install' or update your CocoaPods installation.\" >&2\n    exit 1\nfi\n# This output is used by Xcode 'outputs' to avoid re-running this script phase.\necho \"SUCCESS\" > \"${SCRIPT_OUTPUT_FILE_0}\"\n";
			showEnvVarsInLog = 0;
		};
		CF17F4D51AB3092A84AB552B /* [CP] Embed Pods Frameworks */ = {
			isa = PBXShellScriptBuildPhase;
			buildActionMask = 2147483647;
			files = (
			);
			inputPaths = (
				"${SRCROOT}/Pods/Target Support Files/Pods-DniproWeather/Pods-DniproWeather-frameworks.sh",
				"${BUILT_PRODUCTS_DIR}/Charts/Charts.framework",
				"${BUILT_PRODUCTS_DIR}/ChartsRealm/ChartsRealm.framework",
				"${BUILT_PRODUCTS_DIR}/Realm/Realm.framework",
				"${BUILT_PRODUCTS_DIR}/RealmSwift/RealmSwift.framework",
				"${BUILT_PRODUCTS_DIR}/RxCocoa/RxCocoa.framework",
				"${BUILT_PRODUCTS_DIR}/RxSwift-iOS11.0/RxSwift.framework",
				"${BUILT_PRODUCTS_DIR}/SwiftyJSON/SwiftyJSON.framework",
			);
			name = "[CP] Embed Pods Frameworks";
			outputPaths = (
				"${TARGET_BUILD_DIR}/${FRAMEWORKS_FOLDER_PATH}/Charts.framework",
				"${TARGET_BUILD_DIR}/${FRAMEWORKS_FOLDER_PATH}/ChartsRealm.framework",
				"${TARGET_BUILD_DIR}/${FRAMEWORKS_FOLDER_PATH}/Realm.framework",
				"${TARGET_BUILD_DIR}/${FRAMEWORKS_FOLDER_PATH}/RealmSwift.framework",
				"${TARGET_BUILD_DIR}/${FRAMEWORKS_FOLDER_PATH}/RxCocoa.framework",
				"${TARGET_BUILD_DIR}/${FRAMEWORKS_FOLDER_PATH}/RxSwift.framework",
				"${TARGET_BUILD_DIR}/${FRAMEWORKS_FOLDER_PATH}/SwiftyJSON.framework",
			);
			runOnlyForDeploymentPostprocessing = 0;
			shellPath = /bin/sh;
			shellScript = "\"${SRCROOT}/Pods/Target Support Files/Pods-DniproWeather/Pods-DniproWeather-frameworks.sh\"\n";
			showEnvVarsInLog = 0;
		};
		E9302BD2E6FBB391E4DFCC45 /* [CP] Check Pods Manifest.lock */ = {
			isa = PBXShellScriptBuildPhase;
			buildActionMask = 2147483647;
			files = (
			);
			inputPaths = (
				"${PODS_PODFILE_DIR_PATH}/Podfile.lock",
				"${PODS_ROOT}/Manifest.lock",
			);
			name = "[CP] Check Pods Manifest.lock";
			outputPaths = (
				"$(DERIVED_FILE_DIR)/Pods-DniproWeather-checkManifestLockResult.txt",
			);
			runOnlyForDeploymentPostprocessing = 0;
			shellPath = /bin/sh;
			shellScript = "diff \"${PODS_PODFILE_DIR_PATH}/Podfile.lock\" \"${PODS_ROOT}/Manifest.lock\" > /dev/null\nif [ $? != 0 ] ; then\n    # print error to STDERR\n    echo \"error: The sandbox is not in sync with the Podfile.lock. Run 'pod install' or update your CocoaPods installation.\" >&2\n    exit 1\nfi\n# This output is used by Xcode 'outputs' to avoid re-running this script phase.\necho \"SUCCESS\" > \"${SCRIPT_OUTPUT_FILE_0}\"\n";
			showEnvVarsInLog = 0;
		};
		FA2F37DF74948F4B795706C8 /* [CP] Embed Pods Frameworks */ = {
			isa = PBXShellScriptBuildPhase;
			buildActionMask = 2147483647;
			files = (
			);
			inputPaths = (
				"${SRCROOT}/Pods/Target Support Files/Pods-DniproWeatherTests/Pods-DniproWeatherTests-frameworks.sh",
				"${BUILT_PRODUCTS_DIR}/RxSwift-iOS11.4/RxSwift.framework",
				"${BUILT_PRODUCTS_DIR}/RxBlocking/RxBlocking.framework",
				"${BUILT_PRODUCTS_DIR}/RxTest/RxTest.framework",
			);
			name = "[CP] Embed Pods Frameworks";
			outputPaths = (
				"${TARGET_BUILD_DIR}/${FRAMEWORKS_FOLDER_PATH}/RxSwift.framework",
				"${TARGET_BUILD_DIR}/${FRAMEWORKS_FOLDER_PATH}/RxBlocking.framework",
				"${TARGET_BUILD_DIR}/${FRAMEWORKS_FOLDER_PATH}/RxTest.framework",
			);
			runOnlyForDeploymentPostprocessing = 0;
			shellPath = /bin/sh;
			shellScript = "\"${SRCROOT}/Pods/Target Support Files/Pods-DniproWeatherTests/Pods-DniproWeatherTests-frameworks.sh\"\n";
			showEnvVarsInLog = 0;
		};
/* End PBXShellScriptBuildPhase section */

/* Begin PBXSourcesBuildPhase section */
		1B9CF7CF20D457D8006CAFAF /* Sources */ = {
			isa = PBXSourcesBuildPhase;
			buildActionMask = 2147483647;
			files = (
				1B04596D20D6B93800131EE5 /* Weather.swift in Sources */,
				1B04597420D6CA3B00131EE5 /* WeatherCVCellViewModel.swift in Sources */,
				1BBBE7B720D4677400CC1D40 /* WeatherCollectionViewCell.swift in Sources */,
				1B04597120D6C64A00131EE5 /* ForecastType.swift in Sources */,
				1B04596F20D6C29600131EE5 /* WeatherManager.swift in Sources */,
				1B9CF7D920D457D8006CAFAF /* Main.swift in Sources */,
				1B9CF7D720D457D8006CAFAF /* AppDelegate.swift in Sources */,
				1B04597620D7D00700131EE5 /* MainViewModel.swift in Sources */,
			);
			runOnlyForDeploymentPostprocessing = 0;
		};
		1B9CF7E320D457DC006CAFAF /* Sources */ = {
			isa = PBXSourcesBuildPhase;
			buildActionMask = 2147483647;
			files = (
				1B9CF7EC20D457DC006CAFAF /* DniproWeatherTests.swift in Sources */,
			);
			runOnlyForDeploymentPostprocessing = 0;
		};
/* End PBXSourcesBuildPhase section */

/* Begin PBXTargetDependency section */
		1B9CF7E920D457DC006CAFAF /* PBXTargetDependency */ = {
			isa = PBXTargetDependency;
			target = 1B9CF7D220D457D8006CAFAF /* DniproWeather */;
			targetProxy = 1B9CF7E820D457DC006CAFAF /* PBXContainerItemProxy */;
		};
/* End PBXTargetDependency section */

/* Begin PBXVariantGroup section */
		1B9CF7DA20D457D8006CAFAF /* Main.storyboard */ = {
			isa = PBXVariantGroup;
			children = (
				1B9CF7DB20D457D8006CAFAF /* Base */,
			);
			name = Main.storyboard;
			sourceTree = "<group>";
		};
		1B9CF7DF20D457DC006CAFAF /* LaunchScreen.storyboard */ = {
			isa = PBXVariantGroup;
			children = (
				1B9CF7E020D457DC006CAFAF /* Base */,
			);
			name = LaunchScreen.storyboard;
			sourceTree = "<group>";
		};
/* End PBXVariantGroup section */

/* Begin XCBuildConfiguration section */
		1B9CF7EE20D457DC006CAFAF /* Debug */ = {
			isa = XCBuildConfiguration;
			buildSettings = {
				ALWAYS_SEARCH_USER_PATHS = NO;
				CLANG_ANALYZER_NONNULL = YES;
				CLANG_ANALYZER_NUMBER_OBJECT_CONVERSION = YES_AGGRESSIVE;
				CLANG_CXX_LANGUAGE_STANDARD = "gnu++14";
				CLANG_CXX_LIBRARY = "libc++";
				CLANG_ENABLE_MODULES = YES;
				CLANG_ENABLE_OBJC_ARC = YES;
				CLANG_ENABLE_OBJC_WEAK = YES;
				CLANG_WARN_BLOCK_CAPTURE_AUTORELEASING = YES;
				CLANG_WARN_BOOL_CONVERSION = YES;
				CLANG_WARN_COMMA = YES;
				CLANG_WARN_CONSTANT_CONVERSION = YES;
				CLANG_WARN_DEPRECATED_OBJC_IMPLEMENTATIONS = YES;
				CLANG_WARN_DIRECT_OBJC_ISA_USAGE = YES_ERROR;
				CLANG_WARN_DOCUMENTATION_COMMENTS = YES;
				CLANG_WARN_EMPTY_BODY = YES;
				CLANG_WARN_ENUM_CONVERSION = YES;
				CLANG_WARN_INFINITE_RECURSION = YES;
				CLANG_WARN_INT_CONVERSION = YES;
				CLANG_WARN_NON_LITERAL_NULL_CONVERSION = YES;
				CLANG_WARN_OBJC_IMPLICIT_RETAIN_SELF = YES;
				CLANG_WARN_OBJC_LITERAL_CONVERSION = YES;
				CLANG_WARN_OBJC_ROOT_CLASS = YES_ERROR;
				CLANG_WARN_RANGE_LOOP_ANALYSIS = YES;
				CLANG_WARN_STRICT_PROTOTYPES = YES;
				CLANG_WARN_SUSPICIOUS_MOVE = YES;
				CLANG_WARN_UNGUARDED_AVAILABILITY = YES_AGGRESSIVE;
				CLANG_WARN_UNREACHABLE_CODE = YES;
				CLANG_WARN__DUPLICATE_METHOD_MATCH = YES;
				CODE_SIGN_IDENTITY = "iPhone Developer";
				COPY_PHASE_STRIP = NO;
				DEBUG_INFORMATION_FORMAT = dwarf;
				ENABLE_STRICT_OBJC_MSGSEND = YES;
				ENABLE_TESTABILITY = YES;
				GCC_C_LANGUAGE_STANDARD = gnu11;
				GCC_DYNAMIC_NO_PIC = NO;
				GCC_NO_COMMON_BLOCKS = YES;
				GCC_OPTIMIZATION_LEVEL = 0;
				GCC_PREPROCESSOR_DEFINITIONS = (
					"DEBUG=1",
					"$(inherited)",
				);
				GCC_WARN_64_TO_32_BIT_CONVERSION = YES;
				GCC_WARN_ABOUT_RETURN_TYPE = YES_ERROR;
				GCC_WARN_UNDECLARED_SELECTOR = YES;
				GCC_WARN_UNINITIALIZED_AUTOS = YES_AGGRESSIVE;
				GCC_WARN_UNUSED_FUNCTION = YES;
				GCC_WARN_UNUSED_VARIABLE = YES;
				IPHONEOS_DEPLOYMENT_TARGET = 11.4;
				MTL_ENABLE_DEBUG_INFO = YES;
				ONLY_ACTIVE_ARCH = YES;
				SDKROOT = iphoneos;
				SWIFT_ACTIVE_COMPILATION_CONDITIONS = DEBUG;
				SWIFT_OPTIMIZATION_LEVEL = "-Onone";
			};
			name = Debug;
		};
		1B9CF7EF20D457DC006CAFAF /* Release */ = {
			isa = XCBuildConfiguration;
			buildSettings = {
				ALWAYS_SEARCH_USER_PATHS = NO;
				CLANG_ANALYZER_NONNULL = YES;
				CLANG_ANALYZER_NUMBER_OBJECT_CONVERSION = YES_AGGRESSIVE;
				CLANG_CXX_LANGUAGE_STANDARD = "gnu++14";
				CLANG_CXX_LIBRARY = "libc++";
				CLANG_ENABLE_MODULES = YES;
				CLANG_ENABLE_OBJC_ARC = YES;
				CLANG_ENABLE_OBJC_WEAK = YES;
				CLANG_WARN_BLOCK_CAPTURE_AUTORELEASING = YES;
				CLANG_WARN_BOOL_CONVERSION = YES;
				CLANG_WARN_COMMA = YES;
				CLANG_WARN_CONSTANT_CONVERSION = YES;
				CLANG_WARN_DEPRECATED_OBJC_IMPLEMENTATIONS = YES;
				CLANG_WARN_DIRECT_OBJC_ISA_USAGE = YES_ERROR;
				CLANG_WARN_DOCUMENTATION_COMMENTS = YES;
				CLANG_WARN_EMPTY_BODY = YES;
				CLANG_WARN_ENUM_CONVERSION = YES;
				CLANG_WARN_INFINITE_RECURSION = YES;
				CLANG_WARN_INT_CONVERSION = YES;
				CLANG_WARN_NON_LITERAL_NULL_CONVERSION = YES;
				CLANG_WARN_OBJC_IMPLICIT_RETAIN_SELF = YES;
				CLANG_WARN_OBJC_LITERAL_CONVERSION = YES;
				CLANG_WARN_OBJC_ROOT_CLASS = YES_ERROR;
				CLANG_WARN_RANGE_LOOP_ANALYSIS = YES;
				CLANG_WARN_STRICT_PROTOTYPES = YES;
				CLANG_WARN_SUSPICIOUS_MOVE = YES;
				CLANG_WARN_UNGUARDED_AVAILABILITY = YES_AGGRESSIVE;
				CLANG_WARN_UNREACHABLE_CODE = YES;
				CLANG_WARN__DUPLICATE_METHOD_MATCH = YES;
				CODE_SIGN_IDENTITY = "iPhone Developer";
				COPY_PHASE_STRIP = NO;
				DEBUG_INFORMATION_FORMAT = "dwarf-with-dsym";
				ENABLE_NS_ASSERTIONS = NO;
				ENABLE_STRICT_OBJC_MSGSEND = YES;
				GCC_C_LANGUAGE_STANDARD = gnu11;
				GCC_NO_COMMON_BLOCKS = YES;
				GCC_WARN_64_TO_32_BIT_CONVERSION = YES;
				GCC_WARN_ABOUT_RETURN_TYPE = YES_ERROR;
				GCC_WARN_UNDECLARED_SELECTOR = YES;
				GCC_WARN_UNINITIALIZED_AUTOS = YES_AGGRESSIVE;
				GCC_WARN_UNUSED_FUNCTION = YES;
				GCC_WARN_UNUSED_VARIABLE = YES;
				IPHONEOS_DEPLOYMENT_TARGET = 11.4;
				MTL_ENABLE_DEBUG_INFO = NO;
				SDKROOT = iphoneos;
				SWIFT_COMPILATION_MODE = wholemodule;
				SWIFT_OPTIMIZATION_LEVEL = "-O";
				VALIDATE_PRODUCT = YES;
			};
			name = Release;
		};
		1B9CF7F120D457DC006CAFAF /* Debug */ = {
			isa = XCBuildConfiguration;
			baseConfigurationReference = DC4997DCFCFF6C0159CA2C69 /* Pods-DniproWeather.debug.xcconfig */;
			buildSettings = {
				ASSETCATALOG_COMPILER_APPICON_NAME = AppIcon;
				CODE_SIGN_STYLE = Automatic;
				DEVELOPMENT_TEAM = MFVF92WP4G;
				INFOPLIST_FILE = "$(SRCROOT)/DniproWeather/Resources/Info.plist";
				IPHONEOS_DEPLOYMENT_TARGET = 11.0;
				LD_RUNPATH_SEARCH_PATHS = "$(inherited) @executable_path/Frameworks";
				PRODUCT_BUNDLE_IDENTIFIER = com.wexMaker.DniproWeather;
				PRODUCT_NAME = "$(TARGET_NAME)";
				SWIFT_VERSION = 4.0;
				TARGETED_DEVICE_FAMILY = "1,2";
			};
			name = Debug;
		};
		1B9CF7F220D457DC006CAFAF /* Release */ = {
			isa = XCBuildConfiguration;
			baseConfigurationReference = CE40653097D5434A459B9A37 /* Pods-DniproWeather.release.xcconfig */;
			buildSettings = {
				ASSETCATALOG_COMPILER_APPICON_NAME = AppIcon;
				CODE_SIGN_STYLE = Automatic;
				DEVELOPMENT_TEAM = MFVF92WP4G;
				INFOPLIST_FILE = "$(SRCROOT)/DniproWeather/Resources/Info.plist";
				IPHONEOS_DEPLOYMENT_TARGET = 11.0;
				LD_RUNPATH_SEARCH_PATHS = "$(inherited) @executable_path/Frameworks";
				PRODUCT_BUNDLE_IDENTIFIER = com.wexMaker.DniproWeather;
				PRODUCT_NAME = "$(TARGET_NAME)";
				SWIFT_VERSION = 4.0;
				TARGETED_DEVICE_FAMILY = "1,2";
			};
			name = Release;
		};
		1B9CF7F420D457DC006CAFAF /* Debug */ = {
			isa = XCBuildConfiguration;
			baseConfigurationReference = 2AD0946C15540F4E66D1FCC7 /* Pods-DniproWeatherTests.debug.xcconfig */;
			buildSettings = {
				ALWAYS_EMBED_SWIFT_STANDARD_LIBRARIES = YES;
				BUNDLE_LOADER = "$(TEST_HOST)";
				CODE_SIGN_STYLE = Automatic;
				DEVELOPMENT_TEAM = MFVF92WP4G;
				INFOPLIST_FILE = DniproWeatherTests/Info.plist;
				LD_RUNPATH_SEARCH_PATHS = "$(inherited) @executable_path/Frameworks @loader_path/Frameworks";
				PRODUCT_BUNDLE_IDENTIFIER = com.wexMaker.DniproWeatherTests;
				PRODUCT_NAME = "$(TARGET_NAME)";
				SWIFT_VERSION = 4.0;
				TARGETED_DEVICE_FAMILY = "1,2";
				TEST_HOST = "$(BUILT_PRODUCTS_DIR)/DniproWeather.app/DniproWeather";
			};
			name = Debug;
		};
		1B9CF7F520D457DC006CAFAF /* Release */ = {
			isa = XCBuildConfiguration;
			baseConfigurationReference = 4E3772C62AEB8043C3F7BF7C /* Pods-DniproWeatherTests.release.xcconfig */;
			buildSettings = {
				ALWAYS_EMBED_SWIFT_STANDARD_LIBRARIES = YES;
				BUNDLE_LOADER = "$(TEST_HOST)";
				CODE_SIGN_STYLE = Automatic;
				DEVELOPMENT_TEAM = MFVF92WP4G;
				INFOPLIST_FILE = DniproWeatherTests/Info.plist;
				LD_RUNPATH_SEARCH_PATHS = "$(inherited) @executable_path/Frameworks @loader_path/Frameworks";
				PRODUCT_BUNDLE_IDENTIFIER = com.wexMaker.DniproWeatherTests;
				PRODUCT_NAME = "$(TARGET_NAME)";
				SWIFT_VERSION = 4.0;
				TARGETED_DEVICE_FAMILY = "1,2";
				TEST_HOST = "$(BUILT_PRODUCTS_DIR)/DniproWeather.app/DniproWeather";
			};
			name = Release;
		};
/* End XCBuildConfiguration section */

/* Begin XCConfigurationList section */
		1B9CF7CE20D457D8006CAFAF /* Build configuration list for PBXProject "DniproWeather" */ = {
			isa = XCConfigurationList;
			buildConfigurations = (
				1B9CF7EE20D457DC006CAFAF /* Debug */,
				1B9CF7EF20D457DC006CAFAF /* Release */,
			);
			defaultConfigurationIsVisible = 0;
			defaultConfigurationName = Release;
		};
		1B9CF7F020D457DC006CAFAF /* Build configuration list for PBXNativeTarget "DniproWeather" */ = {
			isa = XCConfigurationList;
			buildConfigurations = (
				1B9CF7F120D457DC006CAFAF /* Debug */,
				1B9CF7F220D457DC006CAFAF /* Release */,
			);
			defaultConfigurationIsVisible = 0;
			defaultConfigurationName = Release;
		};
		1B9CF7F320D457DC006CAFAF /* Build configuration list for PBXNativeTarget "DniproWeatherTests" */ = {
			isa = XCConfigurationList;
			buildConfigurations = (
				1B9CF7F420D457DC006CAFAF /* Debug */,
				1B9CF7F520D457DC006CAFAF /* Release */,
			);
			defaultConfigurationIsVisible = 0;
			defaultConfigurationName = Release;
		};
/* End XCConfigurationList section */
	};
	rootObject = 1B9CF7CB20D457D8006CAFAF /* Project object */;
}
